
Microsoft Visual Studio Solution File, Format Version 12.00
# Visual Studio Version 16
VisualStudioVersion = 16.0.32228.343
MinimumVisualStudioVersion = 10.0.40219.1
Project("{9A19103F-16F7-4668-BE54-9A1E7A4F7556}") = "Monqlab.WebService", "Monqlab.WebService\Monqlab.WebService.csproj", "{E22FAEFA-C471-4863-8780-92AB05667FA9}"
EndProject
Global
	GlobalSection(SolutionConfigurationPlatforms) = preSolution
		Debug|Any CPU = Debug|Any CPU
		Initial|Any CPU = Initial|Any CPU
		Release|Any CPU = Release|Any CPU
	EndGlobalSection
	GlobalSection(ProjectConfigurationPlatforms) = postSolution
		{E22FAEFA-C471-4863-8780-92AB05667FA9}.Debug|Any CPU.ActiveCfg = Debug|Any CPU
		{E22FAEFA-C471-4863-8780-92AB05667FA9}.Debug|Any CPU.Build.0 = Debug|Any CPU
		{E22FAEFA-C471-4863-8780-92AB05667FA9}.Initial|Any CPU.ActiveCfg = Initial|Any CPU
		{E22FAEFA-C471-4863-8780-92AB05667FA9}.Initial|Any CPU.Build.0 = Initial|Any CPU
		{E22FAEFA-C471-4863-8780-92AB05667FA9}.Release|Any CPU.ActiveCfg = Release|Any CPU
		{E22FAEFA-C471-4863-8780-92AB05667FA9}.Release|Any CPU.Build.0 = Release|Any CPU
	EndGlobalSection
	GlobalSection(SolutionProperties) = preSolution
		HideSolutionNode = FALSE
	EndGlobalSection
	GlobalSection(ExtensibilityGlobals) = postSolution
		SolutionGuid = {3243D635-CCDE-410E-96AB-18F449203995}
	EndGlobalSection
EndGlobal
